
Microsoft Visual Studio Solution File, Format Version 12.00
# Visual Studio Version 17
VisualStudioVersion = 17.7.34202.233
MinimumVisualStudioVersion = 10.0.40219.1
Project("{FAE04EC0-301F-11D3-BF4B-00C04F79EFBC}") = "ExceptionsCourse", "Exceptions\ExceptionsCourse.csproj", "{4E5DC50B-EB9A-46B1-8B04-B17D80BEEC43}"
EndProject
Global
	GlobalSection(SolutionConfigurationPlatforms) = preSolution
		Debug|Any CPU = Debug|Any CPU
		Release|Any CPU = Release|Any CPU
	EndGlobalSection
	GlobalSection(ProjectConfigurationPlatforms) = postSolution
		{4E5DC50B-EB9A-46B1-8B04-B17D80BEEC43}.Debug|Any CPU.ActiveCfg = Debug|Any CPU
		{4E5DC50B-EB9A-46B1-8B04-B17D80BEEC43}.Debug|Any CPU.Build.0 = Debug|Any CPU
		{4E5DC50B-EB9A-46B1-8B04-B17D80BEEC43}.Release|Any CPU.ActiveCfg = Release|Any CPU
		{4E5DC50B-EB9A-46B1-8B04-B17D80BEEC43}.Release|Any CPU.Build.0 = Release|Any CPU
	EndGlobalSection
	GlobalSection(SolutionProperties) = preSolution
		HideSolutionNode = FALSE
	EndGlobalSection
	GlobalSection(ExtensibilityGlobals) = postSolution
		SolutionGuid = {809B73F6-8577-4575-90C4-652644604480}
	EndGlobalSection
EndGlobal
